<?xml version="1.0" encoding="utf-8"?>
<Project ToolsVersion="4.0" xmlns="http://schemas.microsoft.com/developer/msbuild/2003">
  <ItemGroup>
    <Filter Include="Source Files">
      <UniqueIdentifier>{4FC737F1-C7A5-4376-A066-2A32D752A2FF}</UniqueIdentifier>
      <Extensions>cpp;c;cc;cxx;def;odl;idl;hpj;bat;asm;asmx</Extensions>
    </Filter>
    <Filter Include="Header Files">
      <UniqueIdentifier>{93995380-89BD-4b04-88EB-625FBE52EBFB}</UniqueIdentifier>
      <Extensions>h;hpp;hxx;hm;inl;inc;xsd</Extensions>
    </Filter>
    <Filter Include="Resource Files">
      <UniqueIdentifier>{67DA6AB6-F800-4c08-8B7A-83BB121AAD01}</UniqueIdentifier>
      <Extensions>rc;ico;cur;bmp;dlg;rc2;rct;bin;rgs;gif;jpg;jpeg;jpe;resx;tiff;tif;png;wav;mfcribbon-ms</Extensions>
    </Filter>
    <Filter Include="Header Files\Level Stuff">
      <UniqueIdentifier>{ecf400ec-2a32-4326-b82a-e9e31d332e38}</UniqueIdentifier>
    </Filter>
    <Filter Include="Source Files\Level Stuff">
      <UniqueIdentifier>{d7f8a588-3436-4d9a-bb09-3dc61038b37c}</UniqueIdentifier>
    </Filter>
    <Filter Include="Header Files\Util">
      <UniqueIdentifier>{987c5aa6-36a7-4661-b65d-33b6a450437b}</UniqueIdentifier>
    </Filter>
    <Filter Include="Header Files\Player">
      <UniqueIdentifier>{0498a1c3-2d23-425d-8ce6-e494882d8ce6}</UniqueIdentifier>
    </Filter>
    <Filter Include="Source Files\Player">
      <UniqueIdentifier>{8d7e9587-9b28-496d-aaf8-fa706b1549c8}</UniqueIdentifier>
    </Filter>
    <Filter Include="Source Files\Util">
      <UniqueIdentifier>{75b8d995-bdc9-4fb3-9507-680aa118ee24}</UniqueIdentifier>
    </Filter>
    <Filter Include="Header Files\Managers">
      <UniqueIdentifier>{6dcd2c14-541e-448f-8c6e-5f903df32c25}</UniqueIdentifier>
    </Filter>
    <Filter Include="Source Files\Managers">
      <UniqueIdentifier>{525c4f53-446c-4d8a-bb58-83647d1eef03}</UniqueIdentifier>
    </Filter>
    <Filter Include="Header Files\Player\Player States">
      <UniqueIdentifier>{07472c1a-caa4-4f24-aebc-b4e0774f27a8}</UniqueIdentifier>
    </Filter>
    <Filter Include="Header Files\Commands">
      <UniqueIdentifier>{be83593d-3932-4e06-a6db-f63036278532}</UniqueIdentifier>
    </Filter>
    <Filter Include="Source Files\Commands">
      <UniqueIdentifier>{5afa65bd-98cf-4650-a6a1-b7957b54cc32}</UniqueIdentifier>
    </Filter>
    <Filter Include="Source Files\Player\Player States">
      <UniqueIdentifier>{f734605d-858e-4e14-a243-02bbc0cea473}</UniqueIdentifier>
    </Filter>
  </ItemGroup>
  <ItemGroup>
    <ClCompile Include="main.cpp">
      <Filter>Source Files</Filter>
    </ClCompile>
    <ClCompile Include="GameState.cpp">
      <Filter>Source Files</Filter>
    </ClCompile>
    <ClCompile Include="MainMenuState.cpp">
      <Filter>Source Files</Filter>
    </ClCompile>
    <ClCompile Include="EndGameState.cpp">
      <Filter>Source Files</Filter>
    </ClCompile>
    <ClCompile Include="Button.cpp">
      <Filter>Source Files</Filter>
    </ClCompile>
    <ClCompile Include="Section.cpp">
      <Filter>Source Files\Level Stuff</Filter>
    </ClCompile>
    <ClCompile Include="BaseObject.cpp">
      <Filter>Source Files</Filter>
    </ClCompile>
    <ClCompile Include="Projectile.cpp">
      <Filter>Source Files</Filter>
    </ClCompile>
    <ClCompile Include="Enemy.cpp">
      <Filter>Source Files</Filter>
    </ClCompile>
    <ClCompile Include="Tile.cpp">
      <Filter>Source Files\Level Stuff</Filter>
    </ClCompile>
    <ClCompile Include="pugixml.cpp">
      <Filter>Source Files</Filter>
    </ClCompile>
    <ClCompile Include="Level.cpp">
      <Filter>Source Files\Level Stuff</Filter>
    </ClCompile>
    <ClCompile Include="EnemyAI.cpp">
      <Filter>Source Files</Filter>
    </ClCompile>
    <ClCompile Include="Sword.cpp">
      <Filter>Source Files</Filter>
    </ClCompile>
    <ClCompile Include="Room.cpp">
      <Filter>Source Files\Level Stuff</Filter>
    </ClCompile>
    <ClCompile Include="Town.cpp">
      <Filter>Source Files\Level Stuff</Filter>
    </ClCompile>
    <ClCompile Include="Boss.cpp">
      <Filter>Source Files\Level Stuff</Filter>
    </ClCompile>
    <ClCompile Include="PauseGameState.cpp">
      <Filter>Source Files</Filter>
    </ClCompile>
    <ClCompile Include="Animation.cpp">
      <Filter>Source Files</Filter>
    </ClCompile>
    <ClCompile Include="Player.cpp">
      <Filter>Source Files\Player</Filter>
    </ClCompile>
    <ClCompile Include="PlayerInventory.cpp">
      <Filter>Source Files\Player</Filter>
    </ClCompile>
    <ClCompile Include="Global.cpp">
      <Filter>Source Files\Util</Filter>
    </ClCompile>
    <ClCompile Include="ButtonManager.cpp">
      <Filter>Source Files\Managers</Filter>
    </ClCompile>
    <ClCompile Include="CollisionManager.cpp">
      <Filter>Source Files\Managers</Filter>
    </ClCompile>
    <ClCompile Include="InputManager.cpp">
      <Filter>Source Files\Managers</Filter>
    </ClCompile>
    <ClCompile Include="StateManager.cpp">
      <Filter>Source Files\Managers</Filter>
    </ClCompile>
    <ClCompile Include="TextureManager.cpp">
      <Filter>Source Files\Managers</Filter>
    </ClCompile>
    <ClCompile Include="UserInterface.cpp">
      <Filter>Source Files\Player</Filter>
    </ClCompile>
    <ClCompile Include="AudioManager.cpp">
      <Filter>Source Files\Managers</Filter>
    </ClCompile>
    <ClCompile Include="MoveCommand.cpp">
      <Filter>Source Files\Commands</Filter>
    </ClCompile>
    <ClCompile Include="JumpCommand.cpp">
      <Filter>Source Files\Commands</Filter>
    </ClCompile>
    <ClCompile Include="GrappleCommand.cpp">
      <Filter>Source Files\Commands</Filter>
    </ClCompile>
    <ClCompile Include="AttackCommand.cpp">
      <Filter>Source Files\Commands</Filter>
    </ClCompile>
    <ClCompile Include="SwitchWeaponCommand.cpp">
      <Filter>Source Files\Commands</Filter>
    </ClCompile>
    <ClCompile Include="RunCommand.cpp">
      <Filter>Source Files\Commands</Filter>
    </ClCompile>
    <ClCompile Include="LookCommand.cpp">
      <Filter>Source Files\Commands</Filter>
    </ClCompile>
    <ClCompile Include="ClimbCommand.cpp">
      <Filter>Source Files\Commands</Filter>
    </ClCompile>
    <ClCompile Include="IdleState.cpp">
      <Filter>Source Files\Player\Player States</Filter>
    </ClCompile>
    <ClCompile Include="OnGroundState.cpp">
      <Filter>Source Files\Player\Player States</Filter>
    </ClCompile>
    <ClCompile Include="WalkingState.cpp">
      <Filter>Source Files\Player\Player States</Filter>
    </ClCompile>
    <ClCompile Include="GrapplingState.cpp">
      <Filter>Source Files\Player\Player States</Filter>
    </ClCompile>
    <ClCompile Include="JumpingState.cpp">
      <Filter>Source Files\Player\Player States</Filter>
    </ClCompile>
    <ClCompile Include="RunningState.cpp">
      <Filter>Source Files\Player\Player States</Filter>
    </ClCompile>
    <ClCompile Include="HangingState.cpp">
      <Filter>Source Files\Player\Player States</Filter>
    </ClCompile>
    <ClCompile Include="AttackState.cpp">
      <Filter>Source Files\Player\Player States</Filter>
    </ClCompile>
    <ClCompile Include="LookingState.cpp">
      <Filter>Source Files\Player\Player States</Filter>
    </ClCompile>
    <ClCompile Include="LevelSelectState.cpp">
      <Filter>Source Files</Filter>
    </ClCompile>
    <ClCompile Include="PopOut.cpp">
      <Filter>Source Files\Util</Filter>
    </ClCompile>
    <ClCompile Include="VaultingState.cpp">
      <Filter>Source Files\Player\Player States</Filter>
    </ClCompile>
    <ClCompile Include="HookShot.cpp">
      <Filter>Source Files\Player</Filter>
    </ClCompile>
    <ClCompile Include="Particle.cpp">
      <Filter>Source Files</Filter>
    </ClCompile>
    <ClCompile Include="ParticleEmitter.cpp">
      <Filter>Source Files</Filter>
    </ClCompile>
    <ClCompile Include="Background.cpp">
      <Filter>Source Files\Level Stuff</Filter>
    </ClCompile>
    <ClCompile Include="LoadingState.cpp">
      <Filter>Source Files</Filter>
    </ClCompile>
  </ItemGroup>
  <ItemGroup>
    <ClInclude Include="State.h">
      <Filter>Header Files</Filter>
    </ClInclude>
    <ClInclude Include="GameState.h">
      <Filter>Header Files</Filter>
    </ClInclude>
    <ClInclude Include="MainMenuState.h">
      <Filter>Header Files</Filter>
    </ClInclude>
    <ClInclude Include="EndGameState.h">
      <Filter>Header Files</Filter>
    </ClInclude>
    <ClInclude Include="Button.h">
      <Filter>Header Files</Filter>
    </ClInclude>
    <ClInclude Include="BaseObject.h">
      <Filter>Header Files</Filter>
    </ClInclude>
    <ClInclude Include="Section.h">
      <Filter>Header Files\Level Stuff</Filter>
    </ClInclude>
    <ClInclude Include="Enemy.h">
      <Filter>Header Files</Filter>
    </ClInclude>
    <ClInclude Include="Tile.h">
      <Filter>Header Files\Level Stuff</Filter>
    </ClInclude>
    <ClInclude Include="pugiconfig.hpp">
      <Filter>Header Files</Filter>
    </ClInclude>
    <ClInclude Include="pugixml.hpp">
      <Filter>Header Files</Filter>
    </ClInclude>
    <ClInclude Include="BaseGameScreen.h">
      <Filter>Header Files\Level Stuff</Filter>
    </ClInclude>
    <ClInclude Include="Level.h">
      <Filter>Header Files\Level Stuff</Filter>
    </ClInclude>
    <ClInclude Include="Town.h">
      <Filter>Header Files\Level Stuff</Filter>
    </ClInclude>
    <ClInclude Include="EnemyAI.h">
      <Filter>Header Files</Filter>
    </ClInclude>
    <ClInclude Include="Boss.h">
      <Filter>Header Files\Level Stuff</Filter>
    </ClInclude>
    <ClInclude Include="Room.h">
      <Filter>Header Files\Level Stuff</Filter>
    </ClInclude>
    <ClInclude Include="PauseGameState.h">
      <Filter>Header Files</Filter>
    </ClInclude>
    <ClInclude Include="Animation.h">
      <Filter>Header Files</Filter>
    </ClInclude>
    <ClInclude Include="Observer.h">
      <Filter>Header Files\Util</Filter>
    </ClInclude>
    <ClInclude Include="Player.h">
      <Filter>Header Files\Player</Filter>
    </ClInclude>
    <ClInclude Include="PlayerInventory.h">
      <Filter>Header Files\Player</Filter>
    </ClInclude>
    <ClInclude Include="Events.h">
      <Filter>Header Files\Util</Filter>
    </ClInclude>
    <ClInclude Include="Global.h">
      <Filter>Header Files\Util</Filter>
    </ClInclude>
    <ClInclude Include="Subject.h">
      <Filter>Header Files\Util</Filter>
    </ClInclude>
    <ClInclude Include="Defines.h">
      <Filter>Header Files\Util</Filter>
    </ClInclude>
    <ClInclude Include="Utility.h">
      <Filter>Header Files\Util</Filter>
    </ClInclude>
    <ClInclude Include="ButtonManager.h">
      <Filter>Header Files\Managers</Filter>
    </ClInclude>
    <ClInclude Include="CollisionManager.h">
      <Filter>Header Files\Managers</Filter>
    </ClInclude>
    <ClInclude Include="AudioManager.h">
      <Filter>Header Files\Managers</Filter>
    </ClInclude>
    <ClInclude Include="PhysicsManager.h">
      <Filter>Header Files\Managers</Filter>
    </ClInclude>
    <ClInclude Include="StateManager.h">
      <Filter>Header Files\Managers</Filter>
    </ClInclude>
    <ClInclude Include="TextureManager.h">
      <Filter>Header Files\Managers</Filter>
    </ClInclude>
    <ClInclude Include="InputManager.h">
      <Filter>Header Files\Managers</Filter>
    </ClInclude>
    <ClInclude Include="OnGroundState.h">
      <Filter>Header Files\Player\Player States</Filter>
    </ClInclude>
    <ClInclude Include="Command.h">
      <Filter>Header Files\Commands</Filter>
    </ClInclude>
    <ClInclude Include="MoveCommand.h">
      <Filter>Header Files\Commands</Filter>
    </ClInclude>
    <ClInclude Include="JumpCommand.h">
      <Filter>Header Files\Commands</Filter>
    </ClInclude>
    <ClInclude Include="Projectile.h">
      <Filter>Header Files\Player</Filter>
    </ClInclude>
    <ClInclude Include="Sword.h">
      <Filter>Header Files\Player</Filter>
    </ClInclude>
    <ClInclude Include="Weapon.h">
      <Filter>Header Files\Player</Filter>
    </ClInclude>
    <ClInclude Include="HookShot.h">
      <Filter>Header Files\Player</Filter>
    </ClInclude>
    <ClInclude Include="GrappleCommand.h">
      <Filter>Header Files\Commands</Filter>
    </ClInclude>
    <ClInclude Include="ClimbCommand.h">
      <Filter>Header Files\Commands</Filter>
    </ClInclude>
    <ClInclude Include="AttackCommand.h">
      <Filter>Header Files\Commands</Filter>
    </ClInclude>
    <ClInclude Include="SwitchWeaponCommand.h">
      <Filter>Header Files\Commands</Filter>
    </ClInclude>
    <ClInclude Include="RunCommand.h">
      <Filter>Header Files\Commands</Filter>
    </ClInclude>
    <ClInclude Include="LookCommand.h">
      <Filter>Header Files\Commands</Filter>
    </ClInclude>
    <ClInclude Include="WalkingState.h">
      <Filter>Header Files\Player\Player States</Filter>
    </ClInclude>
    <ClInclude Include="JumpingState.h">
      <Filter>Header Files\Player\Player States</Filter>
    </ClInclude>
    <ClInclude Include="GrapplingState.h">
      <Filter>Header Files\Player\Player States</Filter>
    </ClInclude>
    <ClInclude Include="IdleState.h">
      <Filter>Header Files\Player\Player States</Filter>
    </ClInclude>
    <ClInclude Include="HangingState.h">
      <Filter>Header Files\Player\Player States</Filter>
    </ClInclude>
    <ClInclude Include="AttackState.h">
      <Filter>Header Files\Player\Player States</Filter>
    </ClInclude>
    <ClInclude Include="StaticStateHolder.h">
      <Filter>Header Files\Player\Player States</Filter>
    </ClInclude>
    <ClInclude Include="RunningState.h">
      <Filter>Header Files\Player\Player States</Filter>
    </ClInclude>
    <ClInclude Include="StaticCommandHolder.h">
      <Filter>Header Files\Commands</Filter>
    </ClInclude>
    <ClInclude Include="BaseState.h">
      <Filter>Header Files\Player\Player States</Filter>
    </ClInclude>
    <ClInclude Include="LookingState.h">
      <Filter>Header Files\Player\Player States</Filter>
    </ClInclude>
    <ClInclude Include="LevelSelectState.h">
      <Filter>Header Files</Filter>
    </ClInclude>
    <ClInclude Include="PopOut.h">
      <Filter>Header Files\Util</Filter>
    </ClInclude>
    <ClInclude Include="VaultingState.h">
      <Filter>Header Files\Player\Player States</Filter>
    </ClInclude>
    <ClInclude Include="UserInterface.h">
      <Filter>Header Files\Player</Filter>
    </ClInclude>
    <ClInclude Include="Particle.h">
      <Filter>Header Files</Filter>
    </ClInclude>
    <ClInclude Include="ParticleEmitter.h">
      <Filter>Header Files</Filter>
    </ClInclude>
    <ClInclude Include="RoomStruct.h">
      <Filter>Header Files\Util</Filter>
    </ClInclude>
    <ClInclude Include="Background.h">
      <Filter>Header Files\Level Stuff</Filter>
    </ClInclude>
    <ClInclude Include="LayerStruct.h">
      <Filter>Header Files\Util</Filter>
    </ClInclude>
    <ClInclude Include="LoadingState.h">
      <Filter>Header Files</Filter>
    </ClInclude>
  </ItemGroup>
  <ItemGroup>
    <Xml Include="Levels.xml">
      <Filter>Resource Files</Filter>
    </Xml>
    <Xml Include="Sounds.xml">
      <Filter>Resource Files</Filter>
    </Xml>
    <Xml Include="PlayerStats.xml">
      <Filter>Resource Files</Filter>
    </Xml>
    <Xml Include="EnemyAttributes.xml">
      <Filter>Resource Files</Filter>
    </Xml>
    <Xml Include="PlayerAttributes.xml">
      <Filter>Resource Files</Filter>
    </Xml>
  </ItemGroup>
  <ItemGroup>
    <None Include="ClassDiagram.cd" />
  </ItemGroup>
</Project>